# This file was autogenerated by Stack.
# You should not edit this file by hand.
# For more information, please see the documentation at:
#   https://docs.haskellstack.org/en/stable/lock_files

packages:
- completed:
    name: srtree
    version: 0.1.0.0
    git: https://github.com/folivetti/srtree.git
    pantry-tree:
      size: 817
      sha256: 94e90a962e7dd66a28c05cd2c6e52ff810edbe970377341920f9dce8acd2ece3
    commit: db83f1573a72da27e4755133116305e3e44f24bf
  original:
    git: https://github.com/folivetti/srtree.git
    commit: db83f1573a72da27e4755133116305e3e44f24bf
- completed:
    name: evolution
    version: 0.1.0.0
    git: https://github.com/folivetti/evolution.git
    pantry-tree:
      size: 629
      sha256: 8f9b5d7b47a61dce5c1cfc31567a23c707e8fa7e057c924ebcb84cacaa1462b4
    commit: 186a10371cb026dee478b4c8f059ac6052314dc1
  original:
    git: https://github.com/folivetti/evolution.git
    commit: 186a10371cb026dee478b4c8f059ac6052314dc1
- completed:
    name: modal-interval
    version: 0.1.0.0
    git: https://github.com/folivetti/modal-interval.git
    pantry-tree:
      size: 950
      sha256: eb3fa68ee9c81e43d33cc26442ab8f6ad38e92a6a9ec19ee7ce317f81450516b
    commit: 3701cab7fa16ddf23174ed9bfa13014a85477472
  original:
    git: https://github.com/folivetti/modal-interval.git
    commit: 3701cab7fa16ddf23174ed9bfa13014a85477472
- completed:
    name: shape-constraint
    version: 0.1.0.0
    git: https://github.com/folivetti/shape-constraint.git
    pantry-tree:
      size: 643
      sha256: 34c591f3c2fd0fa8aa0d8a330820d7c4247c4cd33ee7c41e56fe66b0ad8bab17
    commit: 58a3229f898c7a633aafd3ba7e9f1182c8c8a06f
  original:
    git: https://github.com/folivetti/shape-constraint.git
    commit: 58a3229f898c7a633aafd3ba7e9f1182c8c8a06f
snapshots:
- completed:
    size: 586268
    url: https://raw.githubusercontent.com/commercialhaskell/stackage-snapshots/master/lts/18/13.yaml
    sha256: d9e658a22cfe8d87a64fdf219885f942fef5fe2bcb156a9800174911c5da2443
  original:
    url: https://raw.githubusercontent.com/commercialhaskell/stackage-snapshots/master/lts/18/13.yaml
