# This file was autogenerated by Stack.
# You should not edit this file by hand.
# For more information, please see the documentation at:
#   https://docs.haskellstack.org/en/stable/lock_files

packages:
- completed:
    name: srtree
    version: 0.1.0.0
    git: https://github.com/folivetti/srtree.git
    pantry-tree:
      size: 817
      sha256: bc96f6fba1d20b5537a961578e53e23be8b5500dcb359d49965541c4b6e18810
    commit: 2b376f6d7a9cacf65978e9f8718c3c0d330b4cba
  original:
    git: https://github.com/folivetti/srtree.git
    commit: 2b376f6d7a9cacf65978e9f8718c3c0d330b4cba
- completed:
    name: evolution
    version: 0.1.0.0
    git: https://github.com/folivetti/evolution.git
    pantry-tree:
      size: 629
      sha256: ffa1465ed6f1a8ccdc2c12537b4e24d71386fa845545c841438aa922c722cabc
    commit: a9bb20fdb739d4d2e275643f58a755c8e3572f50
  original:
    git: https://github.com/folivetti/evolution.git
    commit: a9bb20fdb739d4d2e275643f58a755c8e3572f50
- completed:
    name: modal-interval
    version: 0.1.0.0
    git: https://github.com/folivetti/modal-interval.git
    pantry-tree:
      size: 950
      sha256: 742fc6a721c8a3cf3eb3c7edb26b9acb148d162ef8daee04b03ca8150312815d
    commit: d43ec184314c2bb61aa8bbb974866d68d14b2e45
  original:
    git: https://github.com/folivetti/modal-interval.git
    commit: d43ec184314c2bb61aa8bbb974866d68d14b2e45
- completed:
    name: shape-constraint
    version: 0.1.0.0
    git: https://github.com/folivetti/shape-constraint.git
    pantry-tree:
      size: 643
      sha256: 4bbe7df25b0e9213e128e443737589fd027e65e951ceece197b442d3150bb01d
    commit: 88015baff58ef88deaf47980844becfe9ef9a110
  original:
    git: https://github.com/folivetti/shape-constraint.git
    commit: 88015baff58ef88deaf47980844becfe9ef9a110
snapshots:
- completed:
    size: 586268
    url: https://raw.githubusercontent.com/commercialhaskell/stackage-snapshots/master/lts/18/13.yaml
    sha256: d9e658a22cfe8d87a64fdf219885f942fef5fe2bcb156a9800174911c5da2443
  original:
    url: https://raw.githubusercontent.com/commercialhaskell/stackage-snapshots/master/lts/18/13.yaml
